# THIS IS AN AUTOGENERATED FILE. DO NOT EDIT THIS FILE DIRECTLY.
# yarn lockfile v1


"@types/prop-types@*":
  version "15.7.4"
  resolved "https://registry.yarnpkg.com/@types/prop-types/-/prop-types-15.7.4.tgz#fcf7205c25dff795ee79af1e30da2c9790808f11"
  integrity sha512-rZ5drC/jWjrArrS8BR6SIr4cWpW09RNTYt9AMZo3Jwwif+iacXAqgVjm0B0Bv/S1jhDXKHqRVNCbACkJ89RAnQ==

"@types/react-native@^0.70.6":
  version "0.70.6"
  resolved "https://registry.yarnpkg.com/@types/react-native/-/react-native-0.70.6.tgz#0d1bc3014111f64f13e0df643aec2ab03f021fdb"
  integrity sha512-ynQ2jj0km9d7dbnyKqVdQ6Nti7VQ8SLTA/KKkkS5+FnvGyvij2AOo1/xnkBR/jnSNXuzrvGVzw2n0VWfppmfKw==
  dependencies:
    "@types/react" "*"

"@types/react@*":
  version "17.0.43"
  resolved "https://registry.yarnpkg.com/@types/react/-/react-17.0.43.tgz#4adc142887dd4a2601ce730bc56c3436fdb07a55"
  integrity sha512-8Q+LNpdxf057brvPu1lMtC5Vn7J119xrP1aq4qiaefNioQUYANF/CYeK4NsKorSZyUGJ66g0IM+4bbjwx45o2A==
  dependencies:
    "@types/prop-types" "*"
    "@types/scheduler" "*"
    csstype "^3.0.2"

"@types/scheduler@*":
  version "0.16.2"
  resolved "https://registry.yarnpkg.com/@types/scheduler/-/scheduler-0.16.2.tgz#1a62f89525723dde24ba1b01b092bf5df8ad4d39"
  integrity sha512-hppQEBDmlwhFAXKJX2KnWLYu5yMfi91yazPb2l+lbJiwW+wdo1gNeRA+3RgNSO39WYX2euey41KEwnqesU2Jew==

balanced-match@^1.0.0:
  version "1.0.2"
  resolved "https://registry.yarnpkg.com/balanced-match/-/balanced-match-1.0.2.tgz#e83e3a7e3f300b34cb9d87f615fa0cbf357690ee"
  integrity sha512-3oSeUO0TMV67hN1AmbXsK4yaqU7tjiHlbxRDZOpH0KW9+CeX4bRAaX0Anxt0tx2MrpRpWwQaPwIlISEJhYU5Pw==

brace-expansion@^2.0.1:
  version "2.0.1"
  resolved "https://registry.yarnpkg.com/brace-expansion/-/brace-expansion-2.0.1.tgz#1edc459e0f0c548486ecf9fc99f2221364b9a0ae"
  integrity sha512-XnAIvQ8eM+kC6aULx6wuQiwVsnzsi9d3WxzV3FpWTGA19F621kwdbsAcFKXgKUHZWsy+mY6iL1sHTxWEFCytDA==
  dependencies:
    balanced-match "^1.0.0"

csstype@^3.0.2:
  version "3.0.11"
  resolved "https://registry.yarnpkg.com/csstype/-/csstype-3.0.11.tgz#d66700c5eacfac1940deb4e3ee5642792d85cd33"
  integrity sha512-sa6P2wJ+CAbgyy4KFssIb/JNMLxFvKF1pCYCSXS8ZMuqZnMsrxqI2E5sPyoTpxoPU/gVZMzr2zjOfg8GIZOMsw==

fs.realpath@^1.0.0:
  version "1.0.0"
  resolved "https://registry.yarnpkg.com/fs.realpath/-/fs.realpath-1.0.0.tgz#1504ad2523158caa40db4a2787cb01411994ea4f"
  integrity sha1-FQStJSMVjKpA20onh8sBQRmU6k8=

glob@^10.0.0:
  version "10.0.0"
  resolved "https://registry.yarnpkg.com/glob/-/glob-10.0.0.tgz#034ab2e93644ba702e769c3e0558143d3fbd1612"
  integrity sha512-zmp9ZDC6NpDNLujV2W2n+3lH+BafIVZ4/ct+Yj3BMZTH/+bgm/eVjHzeFLwxJrrIGgjjS2eiQLlpurHsNlEAtQ==
  dependencies:
    fs.realpath "^1.0.0"
    minimatch "^9.0.0"
    minipass "^5.0.0"
    path-scurry "^1.6.4"

lru-cache@^9.0.0:
  version "9.0.1"
  resolved "https://registry.yarnpkg.com/lru-cache/-/lru-cache-9.0.1.tgz#ac061ed291f8b9adaca2b085534bb1d3b61bef83"
  integrity sha512-C8QsKIN1UIXeOs3iWmiZ1lQY+EnKDojWd37fXy1aSbJvH4iSma1uy2OWuoB3m4SYRli5+CUjDv3Dij5DVoetmg==

minimatch@^9.0.0:
  version "9.0.0"
  resolved "https://registry.yarnpkg.com/minimatch/-/minimatch-9.0.0.tgz#bfc8e88a1c40ffd40c172ddac3decb8451503b56"
  integrity sha512-0jJj8AvgKqWN05mrwuqi8QYKx1WmYSUoKSxu5Qhs9prezTz10sxAHGNZe9J9cqIJzta8DWsleh2KaVaLl6Ru2w==
  dependencies:
    brace-expansion "^2.0.1"

minipass@^5.0.0:
  version "5.0.0"
  resolved "https://registry.yarnpkg.com/minipass/-/minipass-5.0.0.tgz#3e9788ffb90b694a5d0ec94479a45b5d8738133d"
  integrity sha512-3FnjYuehv9k6ovOEbyOswadCDPX1piCfhV8ncmYtHOjuPwylVWsghTLo7rabjC3Rx5xD4HDx8Wm1xnMF7S5qFQ==

path-scurry@^1.6.4:
  version "1.6.4"
  resolved "https://registry.yarnpkg.com/path-scurry/-/path-scurry-1.6.4.tgz#020a9449e5382a4acb684f9c7e1283bc5695de66"
  integrity sha512-Qp/9IHkdNiXJ3/Kon++At2nVpnhRiPq/aSvQN+H3U1WZbvNRK0RIQK/o4HMqPoXjpuGJUEWpHSs6Mnjxqh3TQg==
  dependencies:
    lru-cache "^9.0.0"
    minipass "^5.0.0"

rimraf@^5.0.0:
  version "5.0.0"
  resolved "https://registry.yarnpkg.com/rimraf/-/rimraf-5.0.0.tgz#5bda14e410d7e4dd522154891395802ce032c2cb"
  integrity sha512-Jf9llaP+RvaEVS5nPShYFhtXIrb3LRKP281ib3So0KkeZKo2wIKyq0Re7TOSwanasA423PSr6CCIL4bP6T040g==
  dependencies:
    glob "^10.0.0"

typescript@^4.6.3:
  version "4.9.4"
  resolved "https://registry.yarnpkg.com/typescript/-/typescript-4.9.4.tgz#a2a3d2756c079abda241d75f149df9d561091e78"
  integrity sha512-Uz+dTXYzxXXbsFpM86Wh3dKCxrQqUcVMxwU54orwlJjOpO3ao8L7j5lH+dWfTwgCwIuM9GQ2kvVotzYJMXTBZg==
